github.com/go-amwk/core v0.0.1 h1:I8UOBzfOaN+6P6SYWwXqznslpELPXgKEruaPDpUyHNo=
github.com/go-amwk/core v0.0.1/go.mod h1:zOhJQ/5aTH87NY2vphPdJXHY8enN8gDKSWIicvY4Kns=
github.com/go-amwk/core v0.0.2 h1:Vu+pwQT9N+RUtaOA2juy7O+YlVHL1AGnYc/+LPNWfQU=
github.com/go-amwk/core v0.0.2/go.mod h1:zOhJQ/5aTH87NY2vphPdJXHY8enN8gDKSWIicvY4Kns=
